
Microsoft Visual Studio Solution File, Format Version 11.00
# Visual Studio 2010
Project("{FAE04EC0-301F-11D3-BF4B-00C04F79EFBC}") = "Assembly-CSharp", "Assembly-CSharp.csproj", "{0738649e-e99b-867d-2252-f509d1213e8b}"
EndProject
Project("{FAE04EC0-301F-11D3-BF4B-00C04F79EFBC}") = "Assembly-CSharp-firstpass", "Assembly-CSharp-firstpass.csproj", "{369d648b-d3ba-65da-8657-0d098cf4a1a5}"
EndProject
Project("{FAE04EC0-301F-11D3-BF4B-00C04F79EFBC}") = "Assembly-CSharp-Editor", "Assembly-CSharp-Editor.csproj", "{0086618c-e17a-59aa-8d23-43e85132b0c7}"
EndProject
Global
	GlobalSection(SolutionConfigurationPlatforms) = preSolution
		Debug|Any CPU = Debug|Any CPU
	EndGlobalSection
	GlobalSection(ProjectConfigurationPlatforms) = postSolution
		{0738649e-e99b-867d-2252-f509d1213e8b}.Debug|Any CPU.ActiveCfg = Debug|Any CPU
		{0738649e-e99b-867d-2252-f509d1213e8b}.Debug|Any CPU.Build.0 = Debug|Any CPU
		{369d648b-d3ba-65da-8657-0d098cf4a1a5}.Debug|Any CPU.ActiveCfg = Debug|Any CPU
		{369d648b-d3ba-65da-8657-0d098cf4a1a5}.Debug|Any CPU.Build.0 = Debug|Any CPU
		{0086618c-e17a-59aa-8d23-43e85132b0c7}.Debug|Any CPU.ActiveCfg = Debug|Any CPU
		{0086618c-e17a-59aa-8d23-43e85132b0c7}.Debug|Any CPU.Build.0 = Debug|Any CPU
	EndGlobalSection
	GlobalSection(SolutionProperties) = preSolution
		HideSolutionNode = FALSE
	EndGlobalSection
EndGlobal
